
Microsoft Visual Studio Solution File, Format Version 12.00
# Visual Studio Version 16
VisualStudioVersion = 16.0.29409.12
MinimumVisualStudioVersion = 10.0.40219.1
Project("{FAE04EC0-301F-11D3-BF4B-00C04F79EFBC}") = "R6 Match Logging", "R6 Match Logging\R6 Match Logging.csproj", "{DD072061-8F85-4CD9-A175-4364F998200A}"
EndProject
Global
	GlobalSection(SolutionConfigurationPlatforms) = preSolution
		Debug|Any CPU = Debug|Any CPU
		Release|Any CPU = Release|Any CPU
	EndGlobalSection
	GlobalSection(ProjectConfigurationPlatforms) = postSolution
		{DD072061-8F85-4CD9-A175-4364F998200A}.Debug|Any CPU.ActiveCfg = Debug|Any CPU
		{DD072061-8F85-4CD9-A175-4364F998200A}.Debug|Any CPU.Build.0 = Debug|Any CPU
		{DD072061-8F85-4CD9-A175-4364F998200A}.Release|Any CPU.ActiveCfg = Release|Any CPU
		{DD072061-8F85-4CD9-A175-4364F998200A}.Release|Any CPU.Build.0 = Release|Any CPU
	EndGlobalSection
	GlobalSection(SolutionProperties) = preSolution
		HideSolutionNode = FALSE
	EndGlobalSection
	GlobalSection(ExtensibilityGlobals) = postSolution
		SolutionGuid = {C63F015E-A502-4CDD-B3D0-7FE419205C8A}
	EndGlobalSection
EndGlobal
